
Microsoft Visual Studio Solution File, Format Version 12.00
# Visual Studio 15
Project("{FAE04EC0-301F-11D3-BF4B-00C04F79EFBC}") = "UnityEditor.UI", "UnityEditor.UI.csproj", "{F10056DD-3673-EA35-CFE9-4496807A8755}"
EndProject
Project("{FAE04EC0-301F-11D3-BF4B-00C04F79EFBC}") = "UnityEngine.UI", "UnityEngine.UI.csproj", "{2D45ABF4-2986-87F1-34BF-ABA91A05C6DE}"
EndProject
Project("{FAE04EC0-301F-11D3-BF4B-00C04F79EFBC}") = "Meryel.CodeAssist.Editor", "Meryel.CodeAssist.Editor.csproj", "{6115A2C3-7264-9D7F-DC3E-03DE1C36C7C7}"
EndProject
Project("{FAE04EC0-301F-11D3-BF4B-00C04F79EFBC}") = "Assembly-CSharp", "Assembly-CSharp.csproj", "{489C6AED-D21D-AD82-B284-8B24276525BA}"
EndProject
Global
	GlobalSection(SolutionConfigurationPlatforms) = preSolution
		Debug|Any CPU = Debug|Any CPU
		Release|Any CPU = Release|Any CPU
	EndGlobalSection
	GlobalSection(ProjectConfigurationPlatforms) = postSolution
		{F10056DD-3673-EA35-CFE9-4496807A8755}.Debug|Any CPU.ActiveCfg = Debug|Any CPU
		{F10056DD-3673-EA35-CFE9-4496807A8755}.Debug|Any CPU.Build.0 = Debug|Any CPU
		{F10056DD-3673-EA35-CFE9-4496807A8755}.Release|Any CPU.ActiveCfg = Release|Any CPU
		{F10056DD-3673-EA35-CFE9-4496807A8755}.Release|Any CPU.Build.0 = Release|Any CPU
		{2D45ABF4-2986-87F1-34BF-ABA91A05C6DE}.Debug|Any CPU.ActiveCfg = Debug|Any CPU
		{2D45ABF4-2986-87F1-34BF-ABA91A05C6DE}.Debug|Any CPU.Build.0 = Debug|Any CPU
		{2D45ABF4-2986-87F1-34BF-ABA91A05C6DE}.Release|Any CPU.ActiveCfg = Release|Any CPU
		{2D45ABF4-2986-87F1-34BF-ABA91A05C6DE}.Release|Any CPU.Build.0 = Release|Any CPU
		{6115A2C3-7264-9D7F-DC3E-03DE1C36C7C7}.Debug|Any CPU.ActiveCfg = Debug|Any CPU
		{6115A2C3-7264-9D7F-DC3E-03DE1C36C7C7}.Debug|Any CPU.Build.0 = Debug|Any CPU
		{6115A2C3-7264-9D7F-DC3E-03DE1C36C7C7}.Release|Any CPU.ActiveCfg = Release|Any CPU
		{6115A2C3-7264-9D7F-DC3E-03DE1C36C7C7}.Release|Any CPU.Build.0 = Release|Any CPU
		{489C6AED-D21D-AD82-B284-8B24276525BA}.Debug|Any CPU.ActiveCfg = Debug|Any CPU
		{489C6AED-D21D-AD82-B284-8B24276525BA}.Debug|Any CPU.Build.0 = Debug|Any CPU
		{489C6AED-D21D-AD82-B284-8B24276525BA}.Release|Any CPU.ActiveCfg = Release|Any CPU
		{489C6AED-D21D-AD82-B284-8B24276525BA}.Release|Any CPU.Build.0 = Release|Any CPU
	EndGlobalSection
	GlobalSection(SolutionProperties) = preSolution
		HideSolutionNode = FALSE
	EndGlobalSection
EndGlobal
